// !$*UTF8*$!
{
	archiveVersion = 1;
	classes = {
	};
	objectVersion = 55;
	objects = {

/* Begin PBXBuildFile section */
		84096DFA2897CA4500258D46 /* MainStoryboard.storyboard in Resources */ = {isa = PBXBuildFile; fileRef = 84096DF92897CA2C00258D46 /* MainStoryboard.storyboard */; };
		84096DFC2897D55A00258D46 /* AppStoryboard.swift in Sources */ = {isa = PBXBuildFile; fileRef = 84096DFB2897D55A00258D46 /* AppStoryboard.swift */; };
		84096DFE2897DAE500258D46 /* UIViewController+Helpers.swift in Sources */ = {isa = PBXBuildFile; fileRef = 84096DFD2897DAE500258D46 /* UIViewController+Helpers.swift */; };
		84096E022897DEF500258D46 /* CityTableViewCell.swift in Sources */ = {isa = PBXBuildFile; fileRef = 84096E002897DEF500258D46 /* CityTableViewCell.swift */; };
		84096E032897DEF500258D46 /* CityTableViewCell.xib in Resources */ = {isa = PBXBuildFile; fileRef = 84096E012897DEF500258D46 /* CityTableViewCell.xib */; };
		8464A57C2887172F001384F2 /* city_list.json in Resources */ = {isa = PBXBuildFile; fileRef = 8464A57B2887172F001384F2 /* city_list.json */; };
		8464A57F28871DF3001384F2 /* UIImageView+Helpers.swift in Sources */ = {isa = PBXBuildFile; fileRef = 8464A57E28871DF3001384F2 /* UIImageView+Helpers.swift */; };
		8464A581288722A2001384F2 /* CityDetailViewController.swift in Sources */ = {isa = PBXBuildFile; fileRef = 8464A580288722A2001384F2 /* CityDetailViewController.swift */; };
		84956E0D2899150000244FD5 /* CityPresenter.swift in Sources */ = {isa = PBXBuildFile; fileRef = 84956E0C2899150000244FD5 /* CityPresenter.swift */; };
		84956E0F28991FB700244FD5 /* DetailCityPresenter.swift in Sources */ = {isa = PBXBuildFile; fileRef = 84956E0E28991FB700244FD5 /* DetailCityPresenter.swift */; };
		84A9197C2897C23E009A16C9 /* CityDetailStoryboard.storyboard in Resources */ = {isa = PBXBuildFile; fileRef = 84A9197B2897C23E009A16C9 /* CityDetailStoryboard.storyboard */; };
		84DBFC63288953D0002BBDC7 /* CityWeatherModel.swift in Sources */ = {isa = PBXBuildFile; fileRef = 84DBFC62288953D0002BBDC7 /* CityWeatherModel.swift */; };
		84EBF8322887037A0009FA8C /* AppDelegate.swift in Sources */ = {isa = PBXBuildFile; fileRef = 84EBF8312887037A0009FA8C /* AppDelegate.swift */; };
		84EBF8342887037A0009FA8C /* SceneDelegate.swift in Sources */ = {isa = PBXBuildFile; fileRef = 84EBF8332887037A0009FA8C /* SceneDelegate.swift */; };
		84EBF8362887037A0009FA8C /* СitiesViewController.swift in Sources */ = {isa = PBXBuildFile; fileRef = 84EBF8352887037A0009FA8C /* СitiesViewController.swift */; };
		84EBF83B2887037C0009FA8C /* Assets.xcassets in Resources */ = {isa = PBXBuildFile; fileRef = 84EBF83A2887037C0009FA8C /* Assets.xcassets */; };
		84EBF83E2887037C0009FA8C /* LaunchScreen.storyboard in Resources */ = {isa = PBXBuildFile; fileRef = 84EBF83C2887037C0009FA8C /* LaunchScreen.storyboard */; };
		84EBF851288709750009FA8C /* СityListModel.swift in Sources */ = {isa = PBXBuildFile; fileRef = 84EBF850288709750009FA8C /* СityListModel.swift */; };
/* End PBXBuildFile section */

/* Begin PBXFileReference section */
		84096DF82897CA2C00258D46 /* Base */ = {isa = PBXFileReference; lastKnownFileType = file.storyboard; name = Base; path = Base.lproj/MainStoryboard.storyboard; sourceTree = "<group>"; };
		84096DFB2897D55A00258D46 /* AppStoryboard.swift */ = {isa = PBXFileReference; lastKnownFileType = sourcecode.swift; path = AppStoryboard.swift; sourceTree = "<group>"; };
		84096DFD2897DAE500258D46 /* UIViewController+Helpers.swift */ = {isa = PBXFileReference; lastKnownFileType = sourcecode.swift; path = "UIViewController+Helpers.swift"; sourceTree = "<group>"; };
		84096E002897DEF500258D46 /* CityTableViewCell.swift */ = {isa = PBXFileReference; lastKnownFileType = sourcecode.swift; path = CityTableViewCell.swift; sourceTree = "<group>"; };
		84096E012897DEF500258D46 /* CityTableViewCell.xib */ = {isa = PBXFileReference; lastKnownFileType = file.xib; path = CityTableViewCell.xib; sourceTree = "<group>"; };
		8464A57B2887172F001384F2 /* city_list.json */ = {isa = PBXFileReference; fileEncoding = 4; lastKnownFileType = text.json; path = city_list.json; sourceTree = "<group>"; };
		8464A57E28871DF3001384F2 /* UIImageView+Helpers.swift */ = {isa = PBXFileReference; lastKnownFileType = sourcecode.swift; path = "UIImageView+Helpers.swift"; sourceTree = "<group>"; };
		8464A580288722A2001384F2 /* CityDetailViewController.swift */ = {isa = PBXFileReference; lastKnownFileType = sourcecode.swift; path = CityDetailViewController.swift; sourceTree = "<group>"; };
		84956E0C2899150000244FD5 /* CityPresenter.swift */ = {isa = PBXFileReference; lastKnownFileType = sourcecode.swift; path = CityPresenter.swift; sourceTree = "<group>"; };
		84956E0E28991FB700244FD5 /* DetailCityPresenter.swift */ = {isa = PBXFileReference; lastKnownFileType = sourcecode.swift; path = DetailCityPresenter.swift; sourceTree = "<group>"; };
		84A9197B2897C23E009A16C9 /* CityDetailStoryboard.storyboard */ = {isa = PBXFileReference; lastKnownFileType = file.storyboard; path = CityDetailStoryboard.storyboard; sourceTree = "<group>"; };
		84DBFC62288953D0002BBDC7 /* CityWeatherModel.swift */ = {isa = PBXFileReference; lastKnownFileType = sourcecode.swift; path = CityWeatherModel.swift; sourceTree = "<group>"; };
		84EBF82E2887037A0009FA8C /* Infoteh.app */ = {isa = PBXFileReference; explicitFileType = wrapper.application; includeInIndex = 0; path = Infoteh.app; sourceTree = BUILT_PRODUCTS_DIR; };
		84EBF8312887037A0009FA8C /* AppDelegate.swift */ = {isa = PBXFileReference; lastKnownFileType = sourcecode.swift; path = AppDelegate.swift; sourceTree = "<group>"; };
		84EBF8332887037A0009FA8C /* SceneDelegate.swift */ = {isa = PBXFileReference; lastKnownFileType = sourcecode.swift; path = SceneDelegate.swift; sourceTree = "<group>"; };
		84EBF8352887037A0009FA8C /* СitiesViewController.swift */ = {isa = PBXFileReference; lastKnownFileType = sourcecode.swift; path = "СitiesViewController.swift"; sourceTree = "<group>"; };
		84EBF83A2887037C0009FA8C /* Assets.xcassets */ = {isa = PBXFileReference; lastKnownFileType = folder.assetcatalog; path = Assets.xcassets; sourceTree = "<group>"; };
		84EBF83D2887037C0009FA8C /* Base */ = {isa = PBXFileReference; lastKnownFileType = file.storyboard; name = Base; path = Base.lproj/LaunchScreen.storyboard; sourceTree = "<group>"; };
		84EBF83F2887037C0009FA8C /* Info.plist */ = {isa = PBXFileReference; lastKnownFileType = text.plist.xml; path = Info.plist; sourceTree = "<group>"; };
		84EBF850288709750009FA8C /* СityListModel.swift */ = {isa = PBXFileReference; lastKnownFileType = sourcecode.swift; path = "СityListModel.swift"; sourceTree = "<group>"; };
/* End PBXFileReference section */

/* Begin PBXFrameworksBuildPhase section */
		84EBF82B2887037A0009FA8C /* Frameworks */ = {
			isa = PBXFrameworksBuildPhase;
			buildActionMask = 2147483647;
			files = (
			);
			runOnlyForDeploymentPostprocessing = 0;
		};
/* End PBXFrameworksBuildPhase section */

/* Begin PBXGroup section */
		84096DFF2897DEC400258D46 /* CityCell */ = {
			isa = PBXGroup;
			children = (
				84096E002897DEF500258D46 /* CityTableViewCell.swift */,
				84096E012897DEF500258D46 /* CityTableViewCell.xib */,
			);
			path = CityCell;
			sourceTree = "<group>";
		};
		8464A57D28871DE0001384F2 /* Extensions */ = {
			isa = PBXGroup;
			children = (
				8464A57E28871DF3001384F2 /* UIImageView+Helpers.swift */,
				84096DFD2897DAE500258D46 /* UIViewController+Helpers.swift */,
			);
			path = Extensions;
			sourceTree = "<group>";
		};
		84864605289A582F00D122B4 /* Supporting Files */ = {
			isa = PBXGroup;
			children = (
				84096DFB2897D55A00258D46 /* AppStoryboard.swift */,
				84EBF83A2887037C0009FA8C /* Assets.xcassets */,
				84EBF83F2887037C0009FA8C /* Info.plist */,
			);
			path = "Supporting Files";
			sourceTree = "<group>";
		};
		84864606289A586600D122B4 /* App */ = {
			isa = PBXGroup;
			children = (
				84EBF8312887037A0009FA8C /* AppDelegate.swift */,
				84EBF8332887037A0009FA8C /* SceneDelegate.swift */,
			);
			path = App;
			sourceTree = "<group>";
		};
		84864607289A59EA00D122B4 /* Resources */ = {
			isa = PBXGroup;
			children = (
				84EBF8472887048C0009FA8C /* JsonFiles */,
			);
			path = Resources;
			sourceTree = "<group>";
		};
		84956E0B2899056700244FD5 /* Presenters */ = {
			isa = PBXGroup;
			children = (
				84956E0C2899150000244FD5 /* CityPresenter.swift */,
				84956E0E28991FB700244FD5 /* DetailCityPresenter.swift */,
			);
			path = Presenters;
			sourceTree = "<group>";
		};
		84A9197A2897C0F1009A16C9 /* Storyboards */ = {
			isa = PBXGroup;
			children = (
				84096DF92897CA2C00258D46 /* MainStoryboard.storyboard */,
				84A9197B2897C23E009A16C9 /* CityDetailStoryboard.storyboard */,
				84EBF83C2887037C0009FA8C /* LaunchScreen.storyboard */,
			);
			path = Storyboards;
			sourceTree = "<group>";
		};
		84EBF8252887037A0009FA8C = {
			isa = PBXGroup;
			children = (
				84EBF8302887037A0009FA8C /* Infoteh */,
				84EBF82F2887037A0009FA8C /* Products */,
			);
			sourceTree = "<group>";
		};
		84EBF82F2887037A0009FA8C /* Products */ = {
			isa = PBXGroup;
			children = (
				84EBF82E2887037A0009FA8C /* Infoteh.app */,
			);
			name = Products;
			sourceTree = "<group>";
		};
		84EBF8302887037A0009FA8C /* Infoteh */ = {
			isa = PBXGroup;
			children = (
				84864606289A586600D122B4 /* App */,
				84956E0B2899056700244FD5 /* Presenters */,
				84EBF849288704B30009FA8C /* ViewControllers */,
				84EBF84A288705BA0009FA8C /* Views */,
				84EBF84F288709520009FA8C /* Models */,
				84864607289A59EA00D122B4 /* Resources */,
				8464A57D28871DE0001384F2 /* Extensions */,
				84A9197A2897C0F1009A16C9 /* Storyboards */,
				84864605289A582F00D122B4 /* Supporting Files */,
			);
			path = Infoteh;
			sourceTree = "<group>";
		};
		84EBF8472887048C0009FA8C /* JsonFiles */ = {
			isa = PBXGroup;
			children = (
				8464A57B2887172F001384F2 /* city_list.json */,
			);
			path = JsonFiles;
			sourceTree = "<group>";
		};
		84EBF849288704B30009FA8C /* ViewControllers */ = {
			isa = PBXGroup;
			children = (
				84EBF8352887037A0009FA8C /* СitiesViewController.swift */,
				8464A580288722A2001384F2 /* CityDetailViewController.swift */,
			);
			path = ViewControllers;
			sourceTree = "<group>";
		};
		84EBF84A288705BA0009FA8C /* Views */ = {
			isa = PBXGroup;
			children = (
				84096DFF2897DEC400258D46 /* CityCell */,
			);
			path = Views;
			sourceTree = "<group>";
		};
		84EBF84F288709520009FA8C /* Models */ = {
			isa = PBXGroup;
			children = (
				84EBF850288709750009FA8C /* СityListModel.swift */,
				84DBFC62288953D0002BBDC7 /* CityWeatherModel.swift */,
			);
			path = Models;
			sourceTree = "<group>";
		};
/* End PBXGroup section */

/* Begin PBXNativeTarget section */
		84EBF82D2887037A0009FA8C /* Infoteh */ = {
			isa = PBXNativeTarget;
			buildConfigurationList = 84EBF8422887037C0009FA8C /* Build configuration list for PBXNativeTarget "Infoteh" */;
			buildPhases = (
				84EBF82A2887037A0009FA8C /* Sources */,
				84EBF82B2887037A0009FA8C /* Frameworks */,
				84EBF82C2887037A0009FA8C /* Resources */,
			);
			buildRules = (
			);
			dependencies = (
			);
			name = Infoteh;
			productName = Infoteh;
			productReference = 84EBF82E2887037A0009FA8C /* Infoteh.app */;
			productType = "com.apple.product-type.application";
		};
/* End PBXNativeTarget section */

/* Begin PBXProject section */
		84EBF8262887037A0009FA8C /* Project object */ = {
			isa = PBXProject;
			attributes = {
				BuildIndependentTargetsInParallel = 1;
				LastSwiftUpdateCheck = 1320;
				LastUpgradeCheck = 1320;
				TargetAttributes = {
					84EBF82D2887037A0009FA8C = {
						CreatedOnToolsVersion = 13.2.1;
					};
				};
			};
			buildConfigurationList = 84EBF8292887037A0009FA8C /* Build configuration list for PBXProject "Infoteh" */;
			compatibilityVersion = "Xcode 13.0";
			developmentRegion = en;
			hasScannedForEncodings = 0;
			knownRegions = (
				en,
				Base,
			);
			mainGroup = 84EBF8252887037A0009FA8C;
			productRefGroup = 84EBF82F2887037A0009FA8C /* Products */;
			projectDirPath = "";
			projectRoot = "";
			targets = (
				84EBF82D2887037A0009FA8C /* Infoteh */,
			);
		};
/* End PBXProject section */

/* Begin PBXResourcesBuildPhase section */
		84EBF82C2887037A0009FA8C /* Resources */ = {
			isa = PBXResourcesBuildPhase;
			buildActionMask = 2147483647;
			files = (
				84EBF83E2887037C0009FA8C /* LaunchScreen.storyboard in Resources */,
				84096DFA2897CA4500258D46 /* MainStoryboard.storyboard in Resources */,
				84A9197C2897C23E009A16C9 /* CityDetailStoryboard.storyboard in Resources */,
				84EBF83B2887037C0009FA8C /* Assets.xcassets in Resources */,
				84096E032897DEF500258D46 /* CityTableViewCell.xib in Resources */,
				8464A57C2887172F001384F2 /* city_list.json in Resources */,
			);
			runOnlyForDeploymentPostprocessing = 0;
		};
/* End PBXResourcesBuildPhase section */

/* Begin PBXSourcesBuildPhase section */
		84EBF82A2887037A0009FA8C /* Sources */ = {
			isa = PBXSourcesBuildPhase;
			buildActionMask = 2147483647;
			files = (
				84DBFC63288953D0002BBDC7 /* CityWeatherModel.swift in Sources */,
				84EBF8362887037A0009FA8C /* СitiesViewController.swift in Sources */,
				84096DFC2897D55A00258D46 /* AppStoryboard.swift in Sources */,
				84EBF8322887037A0009FA8C /* AppDelegate.swift in Sources */,
				8464A581288722A2001384F2 /* CityDetailViewController.swift in Sources */,
				84096E022897DEF500258D46 /* CityTableViewCell.swift in Sources */,
				84EBF851288709750009FA8C /* СityListModel.swift in Sources */,
				8464A57F28871DF3001384F2 /* UIImageView+Helpers.swift in Sources */,
				84956E0F28991FB700244FD5 /* DetailCityPresenter.swift in Sources */,
				84EBF8342887037A0009FA8C /* SceneDelegate.swift in Sources */,
				84956E0D2899150000244FD5 /* CityPresenter.swift in Sources */,
				84096DFE2897DAE500258D46 /* UIViewController+Helpers.swift in Sources */,
			);
			runOnlyForDeploymentPostprocessing = 0;
		};
/* End PBXSourcesBuildPhase section */

/* Begin PBXVariantGroup section */
		84096DF92897CA2C00258D46 /* MainStoryboard.storyboard */ = {
			isa = PBXVariantGroup;
			children = (
				84096DF82897CA2C00258D46 /* Base */,
			);
			name = MainStoryboard.storyboard;
			sourceTree = "<group>";
		};
		84EBF83C2887037C0009FA8C /* LaunchScreen.storyboard */ = {
			isa = PBXVariantGroup;
			children = (
				84EBF83D2887037C0009FA8C /* Base */,
			);
			name = LaunchScreen.storyboard;
			sourceTree = "<group>";
		};
/* End PBXVariantGroup section */

/* Begin XCBuildConfiguration section */
		84EBF8402887037C0009FA8C /* Debug */ = {
			isa = XCBuildConfiguration;
			buildSettings = {
				ALWAYS_SEARCH_USER_PATHS = NO;
				CLANG_ANALYZER_NONNULL = YES;
				CLANG_ANALYZER_NUMBER_OBJECT_CONVERSION = YES_AGGRESSIVE;
				CLANG_CXX_LANGUAGE_STANDARD = "gnu++17";
				CLANG_CXX_LIBRARY = "libc++";
				CLANG_ENABLE_MODULES = YES;
				CLANG_ENABLE_OBJC_ARC = YES;
				CLANG_ENABLE_OBJC_WEAK = YES;
				CLANG_WARN_BLOCK_CAPTURE_AUTORELEASING = YES;
				CLANG_WARN_BOOL_CONVERSION = YES;
				CLANG_WARN_COMMA = YES;
				CLANG_WARN_CONSTANT_CONVERSION = YES;
				CLANG_WARN_DEPRECATED_OBJC_IMPLEMENTATIONS = YES;
				CLANG_WARN_DIRECT_OBJC_ISA_USAGE = YES_ERROR;
				CLANG_WARN_DOCUMENTATION_COMMENTS = YES;
				CLANG_WARN_EMPTY_BODY = YES;
				CLANG_WARN_ENUM_CONVERSION = YES;
				CLANG_WARN_INFINITE_RECURSION = YES;
				CLANG_WARN_INT_CONVERSION = YES;
				CLANG_WARN_NON_LITERAL_NULL_CONVERSION = YES;
				CLANG_WARN_OBJC_IMPLICIT_RETAIN_SELF = YES;
				CLANG_WARN_OBJC_LITERAL_CONVERSION = YES;
				CLANG_WARN_OBJC_ROOT_CLASS = YES_ERROR;
				CLANG_WARN_QUOTED_INCLUDE_IN_FRAMEWORK_HEADER = YES;
				CLANG_WARN_RANGE_LOOP_ANALYSIS = YES;
				CLANG_WARN_STRICT_PROTOTYPES = YES;
				CLANG_WARN_SUSPICIOUS_MOVE = YES;
				CLANG_WARN_UNGUARDED_AVAILABILITY = YES_AGGRESSIVE;
				CLANG_WARN_UNREACHABLE_CODE = YES;
				CLANG_WARN__DUPLICATE_METHOD_MATCH = YES;
				COPY_PHASE_STRIP = NO;
				DEBUG_INFORMATION_FORMAT = dwarf;
				ENABLE_STRICT_OBJC_MSGSEND = YES;
				ENABLE_TESTABILITY = YES;
				GCC_C_LANGUAGE_STANDARD = gnu11;
				GCC_DYNAMIC_NO_PIC = NO;
				GCC_NO_COMMON_BLOCKS = YES;
				GCC_OPTIMIZATION_LEVEL = 0;
				GCC_PREPROCESSOR_DEFINITIONS = (
					"DEBUG=1",
					"$(inherited)",
				);
				GCC_WARN_64_TO_32_BIT_CONVERSION = YES;
				GCC_WARN_ABOUT_RETURN_TYPE = YES_ERROR;
				GCC_WARN_UNDECLARED_SELECTOR = YES;
				GCC_WARN_UNINITIALIZED_AUTOS = YES_AGGRESSIVE;
				GCC_WARN_UNUSED_FUNCTION = YES;
				GCC_WARN_UNUSED_VARIABLE = YES;
				IPHONEOS_DEPLOYMENT_TARGET = 15.2;
				MTL_ENABLE_DEBUG_INFO = INCLUDE_SOURCE;
				MTL_FAST_MATH = YES;
				ONLY_ACTIVE_ARCH = YES;
				SDKROOT = iphoneos;
				SWIFT_ACTIVE_COMPILATION_CONDITIONS = DEBUG;
				SWIFT_OPTIMIZATION_LEVEL = "-Onone";
			};
			name = Debug;
		};
		84EBF8412887037C0009FA8C /* Release */ = {
			isa = XCBuildConfiguration;
			buildSettings = {
				ALWAYS_SEARCH_USER_PATHS = NO;
				CLANG_ANALYZER_NONNULL = YES;
				CLANG_ANALYZER_NUMBER_OBJECT_CONVERSION = YES_AGGRESSIVE;
				CLANG_CXX_LANGUAGE_STANDARD = "gnu++17";
				CLANG_CXX_LIBRARY = "libc++";
				CLANG_ENABLE_MODULES = YES;
				CLANG_ENABLE_OBJC_ARC = YES;
				CLANG_ENABLE_OBJC_WEAK = YES;
				CLANG_WARN_BLOCK_CAPTURE_AUTORELEASING = YES;
				CLANG_WARN_BOOL_CONVERSION = YES;
				CLANG_WARN_COMMA = YES;
				CLANG_WARN_CONSTANT_CONVERSION = YES;
				CLANG_WARN_DEPRECATED_OBJC_IMPLEMENTATIONS = YES;
				CLANG_WARN_DIRECT_OBJC_ISA_USAGE = YES_ERROR;
				CLANG_WARN_DOCUMENTATION_COMMENTS = YES;
				CLANG_WARN_EMPTY_BODY = YES;
				CLANG_WARN_ENUM_CONVERSION = YES;
				CLANG_WARN_INFINITE_RECURSION = YES;
				CLANG_WARN_INT_CONVERSION = YES;
				CLANG_WARN_NON_LITERAL_NULL_CONVERSION = YES;
				CLANG_WARN_OBJC_IMPLICIT_RETAIN_SELF = YES;
				CLANG_WARN_OBJC_LITERAL_CONVERSION = YES;
				CLANG_WARN_OBJC_ROOT_CLASS = YES_ERROR;
				CLANG_WARN_QUOTED_INCLUDE_IN_FRAMEWORK_HEADER = YES;
				CLANG_WARN_RANGE_LOOP_ANALYSIS = YES;
				CLANG_WARN_STRICT_PROTOTYPES = YES;
				CLANG_WARN_SUSPICIOUS_MOVE = YES;
				CLANG_WARN_UNGUARDED_AVAILABILITY = YES_AGGRESSIVE;
				CLANG_WARN_UNREACHABLE_CODE = YES;
				CLANG_WARN__DUPLICATE_METHOD_MATCH = YES;
				COPY_PHASE_STRIP = NO;
				DEBUG_INFORMATION_FORMAT = "dwarf-with-dsym";
				ENABLE_NS_ASSERTIONS = NO;
				ENABLE_STRICT_OBJC_MSGSEND = YES;
				GCC_C_LANGUAGE_STANDARD = gnu11;
				GCC_NO_COMMON_BLOCKS = YES;
				GCC_WARN_64_TO_32_BIT_CONVERSION = YES;
				GCC_WARN_ABOUT_RETURN_TYPE = YES_ERROR;
				GCC_WARN_UNDECLARED_SELECTOR = YES;
				GCC_WARN_UNINITIALIZED_AUTOS = YES_AGGRESSIVE;
				GCC_WARN_UNUSED_FUNCTION = YES;
				GCC_WARN_UNUSED_VARIABLE = YES;
				IPHONEOS_DEPLOYMENT_TARGET = 15.2;
				MTL_ENABLE_DEBUG_INFO = NO;
				MTL_FAST_MATH = YES;
				SDKROOT = iphoneos;
				SWIFT_COMPILATION_MODE = wholemodule;
				SWIFT_OPTIMIZATION_LEVEL = "-O";
				VALIDATE_PRODUCT = YES;
			};
			name = Release;
		};
		84EBF8432887037C0009FA8C /* Debug */ = {
			isa = XCBuildConfiguration;
			buildSettings = {
				ASSETCATALOG_COMPILER_APPICON_NAME = AppIcon;
				ASSETCATALOG_COMPILER_GLOBAL_ACCENT_COLOR_NAME = AccentColor;
				CODE_SIGN_STYLE = Automatic;
				CURRENT_PROJECT_VERSION = 1;
				DEVELOPMENT_TEAM = "";
				GENERATE_INFOPLIST_FILE = YES;
				INFOPLIST_FILE = Infoteh/Info.plist;
				INFOPLIST_KEY_UIApplicationSupportsIndirectInputEvents = YES;
				INFOPLIST_KEY_UILaunchStoryboardName = LaunchScreen;
				INFOPLIST_KEY_UIMainStoryboardFile = MainStoryboard;
				INFOPLIST_KEY_UISupportedInterfaceOrientations_iPad = "UIInterfaceOrientationPortrait UIInterfaceOrientationPortraitUpsideDown UIInterfaceOrientationLandscapeLeft UIInterfaceOrientationLandscapeRight";
				INFOPLIST_KEY_UISupportedInterfaceOrientations_iPhone = "UIInterfaceOrientationPortrait UIInterfaceOrientationLandscapeLeft UIInterfaceOrientationLandscapeRight";
				IPHONEOS_DEPLOYMENT_TARGET = 14.0;
				LD_RUNPATH_SEARCH_PATHS = (
					"$(inherited)",
					"@executable_path/Frameworks",
				);
				MARKETING_VERSION = 1.0;
				PRODUCT_BUNDLE_IDENTIFIER = "robert-m.Infoteh";
				PRODUCT_NAME = "$(TARGET_NAME)";
				SWIFT_EMIT_LOC_STRINGS = YES;
				SWIFT_VERSION = 5.0;
				TARGETED_DEVICE_FAMILY = "1,2";
			};
			name = Debug;
		};
		84EBF8442887037C0009FA8C /* Release */ = {
			isa = XCBuildConfiguration;
			buildSettings = {
				ASSETCATALOG_COMPILER_APPICON_NAME = AppIcon;
				ASSETCATALOG_COMPILER_GLOBAL_ACCENT_COLOR_NAME = AccentColor;
				CODE_SIGN_STYLE = Automatic;
				CURRENT_PROJECT_VERSION = 1;
				DEVELOPMENT_TEAM = "";
				GENERATE_INFOPLIST_FILE = YES;
				INFOPLIST_FILE = Infoteh/Info.plist;
				INFOPLIST_KEY_UIApplicationSupportsIndirectInputEvents = YES;
				INFOPLIST_KEY_UILaunchStoryboardName = LaunchScreen;
				INFOPLIST_KEY_UIMainStoryboardFile = MainStoryboard;
				INFOPLIST_KEY_UISupportedInterfaceOrientations_iPad = "UIInterfaceOrientationPortrait UIInterfaceOrientationPortraitUpsideDown UIInterfaceOrientationLandscapeLeft UIInterfaceOrientationLandscapeRight";
				INFOPLIST_KEY_UISupportedInterfaceOrientations_iPhone = "UIInterfaceOrientationPortrait UIInterfaceOrientationLandscapeLeft UIInterfaceOrientationLandscapeRight";
				IPHONEOS_DEPLOYMENT_TARGET = 14.0;
				LD_RUNPATH_SEARCH_PATHS = (
					"$(inherited)",
					"@executable_path/Frameworks",
				);
				MARKETING_VERSION = 1.0;
				PRODUCT_BUNDLE_IDENTIFIER = "robert-m.Infoteh";
				PRODUCT_NAME = "$(TARGET_NAME)";
				SWIFT_EMIT_LOC_STRINGS = YES;
				SWIFT_VERSION = 5.0;
				TARGETED_DEVICE_FAMILY = "1,2";
			};
			name = Release;
		};
/* End XCBuildConfiguration section */

/* Begin XCConfigurationList section */
		84EBF8292887037A0009FA8C /* Build configuration list for PBXProject "Infoteh" */ = {
			isa = XCConfigurationList;
			buildConfigurations = (
				84EBF8402887037C0009FA8C /* Debug */,
				84EBF8412887037C0009FA8C /* Release */,
			);
			defaultConfigurationIsVisible = 0;
			defaultConfigurationName = Release;
		};
		84EBF8422887037C0009FA8C /* Build configuration list for PBXNativeTarget "Infoteh" */ = {
			isa = XCConfigurationList;
			buildConfigurations = (
				84EBF8432887037C0009FA8C /* Debug */,
				84EBF8442887037C0009FA8C /* Release */,
			);
			defaultConfigurationIsVisible = 0;
			defaultConfigurationName = Release;
		};
/* End XCConfigurationList section */
	};
	rootObject = 84EBF8262887037A0009FA8C /* Project object */;
}
